<?xml version="1.0" encoding="UTF-8" standalone="yes" ?>
<CodeBlocks_project_file>
	<FileVersion major="1" minor="6" />
	<Project>
		<Option title="TcpServer" />
		<Option pch_mode="2" />
		<Option compiler="gcc" />
		<Build>
			<Target title="Debug">
				<Option output="bin/Debug/TcpServer" prefix_auto="1" extension_auto="1" />
				<Option object_output="obj/Debug/" />
				<Option type="1" />
				<Option compiler="gcc" />
				<Compiler>
					<Add option="-g" />
					<Add directory="include" />
				</Compiler>
			</Target>
			<Target title="Release">
				<Option output="bin/Release/TcpServer" prefix_auto="1" extension_auto="1" />
				<Option object_output="obj/Release/" />
				<Option type="1" />
				<Option compiler="gcc" />
				<Compiler>
					<Add option="-O2" />
					<Add directory="include" />
				</Compiler>
				<Linker>
					<Add option="-s" />
				</Linker>
			</Target>
		</Build>
		<Compiler>
			<Add option="-Wall" />
			<Add option="-std=gnu++17" />
			<Add option="-fPIC" />
			<Add option="-m64" />
			<Add option="-fexceptions" />
		</Compiler>
		<Linker>
			<Add option="-static-libstdc++" />
			<Add option="-static-libgcc" />
			<Add option="-static" />
			<Add option="-m64" />
			<Add library="ws2_32" />
		</Linker>
		<Unit filename="include/ClientKey.hpp" />
		<Unit filename="include/IOOverlapped.hpp" />
		<Unit filename="include/IOType.hpp" />
		<Unit filename="include/MainThread.hpp" />
		<Unit filename="include/MessageType.hpp" />
		<Unit filename="include/PipeThread.hpp" />
		<Unit filename="include/ServerConfig.hpp" />
		<Unit filename="include/TcpSocket.hpp" />
		<Unit filename="include/WorkerThread.hpp" />
		<Unit filename="include/pugiconfig.hpp" />
		<Unit filename="include/pugixml.hpp" />
		<Unit filename="main.cpp" />
		<Unit filename="src/ClientKey.cpp" />
		<Unit filename="src/MainThread.cpp" />
		<Unit filename="src/PipeThread.cpp" />
		<Unit filename="src/ServerConfig.cpp" />
		<Unit filename="src/TcpSocket.cpp" />
		<Unit filename="src/WorkerThread.cpp" />
		<Unit filename="src/pugixml.cpp" />
		<Extensions>
			<lib_finder disable_auto="1" />
		</Extensions>
	</Project>
</CodeBlocks_project_file>
